
Microsoft Visual Studio Solution File, Format Version 12.00
# Visual Studio Version 17
VisualStudioVersion = 17.2.32630.192
MinimumVisualStudioVersion = 10.0.40219.1
Project("{FAE04EC0-301F-11D3-BF4B-00C04F79EFBC}") = "StockService", "StockService\StockService.csproj", "{9065F7B9-BC39-400B-85C7-1D94EC0C3C21}"
EndProject
Global
	GlobalSection(SolutionConfigurationPlatforms) = preSolution
		Debug|Any CPU = Debug|Any CPU
		Release|Any CPU = Release|Any CPU
	EndGlobalSection
	GlobalSection(ProjectConfigurationPlatforms) = postSolution
		{9065F7B9-BC39-400B-85C7-1D94EC0C3C21}.Debug|Any CPU.ActiveCfg = Debug|Any CPU
		{9065F7B9-BC39-400B-85C7-1D94EC0C3C21}.Debug|Any CPU.Build.0 = Debug|Any CPU
		{9065F7B9-BC39-400B-85C7-1D94EC0C3C21}.Release|Any CPU.ActiveCfg = Release|Any CPU
		{9065F7B9-BC39-400B-85C7-1D94EC0C3C21}.Release|Any CPU.Build.0 = Release|Any CPU
	EndGlobalSection
	GlobalSection(SolutionProperties) = preSolution
		HideSolutionNode = FALSE
	EndGlobalSection
	GlobalSection(ExtensibilityGlobals) = postSolution
		SolutionGuid = {32CE229F-7F56-40A9-B9EE-C26D4100FA4D}
	EndGlobalSection
EndGlobal
