
Microsoft Visual Studio Solution File, Format Version 12.00
# Visual Studio Version 17
VisualStudioVersion = 17.2.32630.192
MinimumVisualStudioVersion = 10.0.40219.1
Project("{FAE04EC0-301F-11D3-BF4B-00C04F79EFBC}") = "TicketService", "TicketService\TicketService.csproj", "{C91A14D7-47D6-4C59-ABB0-4127A2DECD27}"
EndProject
Project("{FAE04EC0-301F-11D3-BF4B-00C04F79EFBC}") = "TicketService.Model", "TicketService.Model\TicketService.Model.csproj", "{61C36009-2305-47E6-8779-6B9CE0513C48}"
EndProject
Global
	GlobalSection(SolutionConfigurationPlatforms) = preSolution
		Debug|Any CPU = Debug|Any CPU
		Release|Any CPU = Release|Any CPU
	EndGlobalSection
	GlobalSection(ProjectConfigurationPlatforms) = postSolution
		{C91A14D7-47D6-4C59-ABB0-4127A2DECD27}.Debug|Any CPU.ActiveCfg = Debug|Any CPU
		{C91A14D7-47D6-4C59-ABB0-4127A2DECD27}.Debug|Any CPU.Build.0 = Debug|Any CPU
		{C91A14D7-47D6-4C59-ABB0-4127A2DECD27}.Release|Any CPU.ActiveCfg = Release|Any CPU
		{C91A14D7-47D6-4C59-ABB0-4127A2DECD27}.Release|Any CPU.Build.0 = Release|Any CPU
		{61C36009-2305-47E6-8779-6B9CE0513C48}.Debug|Any CPU.ActiveCfg = Debug|Any CPU
		{61C36009-2305-47E6-8779-6B9CE0513C48}.Debug|Any CPU.Build.0 = Debug|Any CPU
		{61C36009-2305-47E6-8779-6B9CE0513C48}.Release|Any CPU.ActiveCfg = Release|Any CPU
		{61C36009-2305-47E6-8779-6B9CE0513C48}.Release|Any CPU.Build.0 = Release|Any CPU
	EndGlobalSection
	GlobalSection(SolutionProperties) = preSolution
		HideSolutionNode = FALSE
	EndGlobalSection
	GlobalSection(ExtensibilityGlobals) = postSolution
		SolutionGuid = {EE56F1F5-BA36-480E-ACA9-11C3428BBFCF}
	EndGlobalSection
EndGlobal
